
Microsoft Visual Studio Solution File, Format Version 12.00
# Visual Studio Version 17
VisualStudioVersion = 17.10.35027.167
MinimumVisualStudioVersion = 10.0.40219.1
Project("{FAE04EC0-301F-11D3-BF4B-00C04F79EFBC}") = "MauiAppMinhasCompras", "MauiAppMinhasCompras\MauiAppMinhasCompras.csproj", "{B0DA82DC-FBE0-4E77-896A-FDE704D6D1F4}"
EndProject
Global
	GlobalSection(SolutionConfigurationPlatforms) = preSolution
		Debug|Any CPU = Debug|Any CPU
		Release|Any CPU = Release|Any CPU
	EndGlobalSection
	GlobalSection(ProjectConfigurationPlatforms) = postSolution
		{B0DA82DC-FBE0-4E77-896A-FDE704D6D1F4}.Debug|Any CPU.ActiveCfg = Debug|Any CPU
		{B0DA82DC-FBE0-4E77-896A-FDE704D6D1F4}.Debug|Any CPU.Build.0 = Debug|Any CPU
		{B0DA82DC-FBE0-4E77-896A-FDE704D6D1F4}.Debug|Any CPU.Deploy.0 = Debug|Any CPU
		{B0DA82DC-FBE0-4E77-896A-FDE704D6D1F4}.Release|Any CPU.ActiveCfg = Release|Any CPU
		{B0DA82DC-FBE0-4E77-896A-FDE704D6D1F4}.Release|Any CPU.Build.0 = Release|Any CPU
		{B0DA82DC-FBE0-4E77-896A-FDE704D6D1F4}.Release|Any CPU.Deploy.0 = Release|Any CPU
	EndGlobalSection
	GlobalSection(SolutionProperties) = preSolution
		HideSolutionNode = FALSE
	EndGlobalSection
	GlobalSection(ExtensibilityGlobals) = postSolution
		SolutionGuid = {DFDB6ED9-5B8E-4F97-8438-56267138CF7A}
	EndGlobalSection
EndGlobal
